# generated by rye
# use `rye lock` or `rye sync` to update this lockfile
#
# last locked with the following flags:
#   pre: false
#   features: []
#   all-features: false
#   with-sources: false

-e file:.
annotated-types==0.6.0
    # via pydantic
bump-my-version==0.18.3
click==8.1.7
    # via bump-my-version
    # via rich-click
coverage==7.4.3
    # via coverage
    # via pytest-cov
iniconfig==2.0.0
    # via pytest
markdown-it-py==3.0.0
    # via rich
mdurl==0.1.2
    # via markdown-it-py
packaging==23.2
    # via pytest
    # via pytest-sugar
pluggy==1.4.0
    # via pytest
prompt-toolkit==3.0.36
    # via questionary
pydantic==2.6.2
    # via bump-my-version
    # via pydantic-settings
pydantic-core==2.16.3
    # via pydantic
pydantic-settings==2.2.1
    # via bump-my-version
pygments==2.17.2
    # via rich
pytest==8.0.2
    # via pytest-cov
    # via pytest-randomly
    # via pytest-sugar
pytest-cov==4.1.0
pytest-randomly==3.15.0
pytest-sugar==1.0.0
python-dotenv==1.0.1
    # via pydantic-settings
questionary==2.0.1
    # via bump-my-version
rich==13.7.0
    # via bump-my-version
    # via rich-click
rich-click==1.7.3
    # via bump-my-version
strenum==0.4.15
    # via heerlijke-tools
termcolor==2.4.0
    # via pytest-sugar
tomlkit==0.12.3
    # via bump-my-version
typing-extensions==4.10.0
    # via pydantic
    # via pydantic-core
    # via rich-click
wcwidth==0.2.13
    # via prompt-toolkit
