# This file is @generated by PDM.
# It is not intended for manual editing.

[metadata]
groups = ["default", "dev"]
cross_platform = true
static_urls = false
lock_version = "4.3"
content_hash = "sha256:3f27066817bd868c8d97ada7c725ce6969c7562fe2a0a4d021a1d6b31272bfb1"

[[package]]
name = "argparse"
version = "1.4.0"
summary = "Python command-line parsing library"
files = [
    {file = "argparse-1.4.0-py2.py3-none-any.whl", hash = "sha256:c31647edb69fd3d465a847ea3157d37bed1f95f19760b11a47aa91c04b666314"},
    {file = "argparse-1.4.0.tar.gz", hash = "sha256:62b089a55be1d8949cd2bc7e0df0bddb9e028faefc8c32038cc84862aefdd6e4"},
]

[[package]]
name = "colorama"
version = "0.3.9"
summary = "Cross-platform colored terminal text."
files = [
    {file = "colorama-0.3.9-py2.py3-none-any.whl", hash = "sha256:463f8483208e921368c9f306094eb6f725c6ca42b0f97e313cb5d5512459feda"},
    {file = "colorama-0.3.9.tar.gz", hash = "sha256:48eb22f4f8461b1df5734a074b57042430fb06e1d61bd1e11b078c0fe6d7a1f1"},
]

[[package]]
name = "docutils"
version = "0.15.post1"
summary = "Docutils -- Python Documentation Utilities"
files = [
    {file = "docutils-0.15.post1-py2-none-any.whl", hash = "sha256:ba4584f9107571ced0d2c7f56a5499c696215ba90797849c92d395979da68521"},
]

[[package]]
name = "ordereddict"
version = "1.1"
summary = ""
files = [
    {file = "ordereddict-1.1.tar.gz", hash = "sha256:1c35b4ac206cef2d24816c89f89cf289dd3d38cf7c449bb3fab7bf6d43f01b1f"},
]

[[package]]
name = "pathlib"
version = "1.0.1"
summary = "Object-oriented filesystem paths"
files = [
    {file = "pathlib-1.0.1-py3-none-any.whl", hash = "sha256:f35f95ab8b0f59e6d354090350b44a80a80635d22efdedfa84c7ad1cf0a74147"},
    {file = "pathlib-1.0.1.tar.gz", hash = "sha256:6940718dfc3eff4258203ad5021090933e5c04707d5ca8cc9e73c94a7894ea9f"},
]

[[package]]
name = "pip"
version = "8.1.2"
summary = "The PyPA recommended tool for installing Python packages."
files = [
    {file = "pip-8.1.2-py2.py3-none-any.whl", hash = "sha256:6464dd9809fb34fc8df2bf49553bb11dac4c13d2ffa7a4f8038ad86a4ccb92a1"},
    {file = "pip-8.1.2.tar.gz", hash = "sha256:4d24b03ffa67638a3fa931c09fd9e0273ffa904e95ebebe7d4b1a54c93d7b732"},
]

[[package]]
name = "pluggy"
version = "0.5.2"
summary = "plugin and hook calling mechanisms for python"
files = [
    {file = "pluggy-0.5.2-py2.py3-none-any.whl", hash = "sha256:cab5800ece3d679358782c4d674be9912f52918bc919888b228fdf5705fcd067"},
    {file = "pluggy-0.5.2.tar.gz", hash = "sha256:bd60171dbb250fdebafad46ed16d97065369da40568ae948ef7117eee8536e94"},
]

[[package]]
name = "py"
version = "1.4.34"
summary = "library with cross-python path, ini-parsing, io, code, log facilities"
files = [
    {file = "py-1.4.34-py2.py3-none-any.whl", hash = "sha256:2ccb79b01769d99115aa600d7eed99f524bf752bba8f041dc1c184853514655a"},
    {file = "py-1.4.34.tar.gz", hash = "sha256:0f2d585d22050e90c7d293b6451c83db097df77871974d90efd5a30dc12fcde3"},
]

[[package]]
name = "py-cpuinfo"
version = "9.0.0"
summary = "Get CPU info with pure Python"
files = [
    {file = "py-cpuinfo-9.0.0.tar.gz", hash = "sha256:3cdbbf3fac90dc6f118bfd64384f309edeadd902d7c8fb17f02ffa1fc3f49690"},
    {file = "py_cpuinfo-9.0.0-py3-none-any.whl", hash = "sha256:859625bc251f64e21f077d099d4162689c762b5d6a4c3c97553d56241c9674d5"},
]

[[package]]
name = "pytest"
version = "3.2.5"
summary = "pytest: simple powerful testing with Python"
dependencies = [
    "argparse; python_version == \"2.6\"",
    "colorama; sys_platform == \"win32\"",
    "ordereddict; python_version == \"2.6\"",
    "py>=1.4.33",
    "setuptools",
]
files = [
    {file = "pytest-3.2.5-py2.py3-none-any.whl", hash = "sha256:241d7e7798d79192a123ceaf64c602b4d233eacf6d6e42ae27caa97f498b7dc6"},
    {file = "pytest-3.2.5.tar.gz", hash = "sha256:6d5bd4f7113b444c55a3bbb5c738a3dd80d43563d063fc42dcb0aaefbdd78b81"},
]

[[package]]
name = "pytest-benchmark"
version = "3.1.1"
summary = "A ``py.test`` fixture for benchmarking code. It will group the tests into rounds that are calibrated to the chosen timer. See calibration_ and FAQ_."
dependencies = [
    "pathlib; python_version < \"3.4\"",
    "py-cpuinfo",
    "pytest>=2.8",
    "statistics; python_version < \"3.4\"",
]
files = [
    {file = "pytest-benchmark-3.1.1.tar.gz", hash = "sha256:185526b10b7cf1804cb0f32ac0653561ef2f233c6e50a9b3d8066a9757e36480"},
    {file = "pytest_benchmark-3.1.1-py2.py3-none-any.whl", hash = "sha256:3549545f1a051a789d956a4a9b176583cd6b847e621b788471e6c04b7d8d0e3c"},
]

[[package]]
name = "setuptools"
version = "30.1.0"
summary = "Easily download, build, install, upgrade, and uninstall Python packages"
files = [
    {file = "setuptools-30.1.0-py2.py3-none-any.whl", hash = "sha256:3861f9b31fb4c6e9bdf6e485adcaf982d12dbd45a9108cea7b08817d6fdea18d"},
    {file = "setuptools-30.1.0.tar.gz", hash = "sha256:73c7f183260cec2ef870128c77106ba7a978649b8c4cddc320ec3547615e885f"},
    {file = "setuptools-30.1.0.zip", hash = "sha256:cf8bfab0fe44fa0c2f2b2626cdb938e8023711af053b1c12a2aba319b2f5f8cc"},
]

[[package]]
name = "statistics"
version = "1.0.3.5"
summary = "A Python 2.* port of 3.4 Statistics Module"
dependencies = [
    "docutils>=0.3",
    "docutils>=0.3",
]
files = [
    {file = "statistics-1.0.3.5.tar.gz", hash = "sha256:2dc379b80b07bf2ddd5488cad06b2b9531da4dd31edb04dc9ec0dc226486c138"},
]
