# generated by rye
# use `rye lock` or `rye sync` to update this lockfile
#
# last locked with the following flags:
#   pre: false
#   features: []
#   all-features: false
#   with-sources: false

-e file:.
annotated-types==0.6.0
    # via pydantic
bump-my-version==0.17.4
click==8.1.7
    # via bump-my-version
    # via heerlijke-tools
    # via protoletariat
    # via rich-click
grpcio==1.60.1
    # via grpcio-tools
grpcio-tools==1.60.1
    # via heerlijke-tools
markdown-it-py==3.0.0
    # via rich
mdurl==0.1.2
    # via markdown-it-py
prompt-toolkit==3.0.36
    # via questionary
protobuf==4.25.2
    # via grpcio-tools
    # via protoletariat
protoletariat==3.2.19
    # via heerlijke-tools
pydantic==2.6.1
    # via bump-my-version
    # via pydantic-settings
pydantic-core==2.16.2
    # via pydantic
pydantic-settings==2.2.1
    # via bump-my-version
pygments==2.17.2
    # via rich
python-dotenv==1.0.1
    # via pydantic-settings
questionary==2.0.1
    # via bump-my-version
rich==13.7.0
    # via bump-my-version
    # via rich-click
rich-click==1.7.3
    # via bump-my-version
tomlkit==0.12.3
    # via bump-my-version
typing-extensions==4.9.0
    # via pydantic
    # via pydantic-core
    # via rich-click
wcwidth==0.2.13
    # via prompt-toolkit
setuptools==69.0.3
    # via grpcio-tools
