# This file is @generated by PDM.
# It is not intended for manual editing.

[metadata]
groups = ["default"]
cross_platform = true
static_urls = false
lock_version = "4.3"
content_hash = "sha256:a7752f7e7bc620982e84586bb55381609bbb54b3b6540c042a2f3ea44917a19d"

[[package]]
name = "pip"
version = "24.0"
requires_python = ">=3.7"
summary = "The PyPA recommended tool for installing Python packages."
files = [
    {file = "pip-24.0-py3-none-any.whl", hash = "sha256:ba0d021a166865d2265246961bec0152ff124de910c5cc39f1156ce3fa7c69dc"},
    {file = "pip-24.0.tar.gz", hash = "sha256:ea9bd1a847e8c5774a5777bb398c19e80bcd4e2aa16a4b301b718fe6f593aba2"},
]
