# generated by rye
# use `rye lock` or `rye sync` to update this lockfile
#
# last locked with the following flags:
#   pre: false
#   features: []
#   all-features: false
#   with-sources: false

-e file:.
click==8.1.7
    # via heerlijke-tools
    # via protoletariat
grpcio==1.60.1
    # via grpcio-tools
grpcio-tools==1.60.1
    # via heerlijke-tools
protobuf==4.25.2
    # via grpcio-tools
    # via protoletariat
protoletariat==3.2.19
    # via heerlijke-tools
setuptools==69.0.3
    # via grpcio-tools
